// !$*UTF8*$!
{
	archiveVersion = 1;
	classes = {
	};
	objectVersion = 56;
	objects = {

/* Begin PBXBuildFile section */
		2516AEAD2B0BD6AF0022E689 /* Extensions.swift in Sources */ = {isa = PBXBuildFile; fileRef = 2516AEAC2B0BD6AF0022E689 /* Extensions.swift */; };
		252DA3102B0CAE0900BBC462 /* PullToRefresh.swift in Sources */ = {isa = PBXBuildFile; fileRef = 252DA30F2B0CAE0900BBC462 /* PullToRefresh.swift */; };
		252DA3132B0CB35E00BBC462 /* RefreshableScrollView in Frameworks */ = {isa = PBXBuildFile; productRef = 252DA3122B0CB35E00BBC462 /* RefreshableScrollView */; };
		25446DE12B08E714000C1E11 /* TaskModel.swift in Sources */ = {isa = PBXBuildFile; fileRef = 25446DE02B08E714000C1E11 /* TaskModel.swift */; };
		25693C472B0986CC0090D2C7 /* TaskDataModel.xcdatamodeld in Sources */ = {isa = PBXBuildFile; fileRef = 25693C452B0986CC0090D2C7 /* TaskDataModel.xcdatamodeld */; };
		25B241712B0790B300FE1C7B /* vero_ios_taskApp.swift in Sources */ = {isa = PBXBuildFile; fileRef = 25B241702B0790B300FE1C7B /* vero_ios_taskApp.swift */; };
		25B241732B0790B300FE1C7B /* ContentView.swift in Sources */ = {isa = PBXBuildFile; fileRef = 25B241722B0790B300FE1C7B /* ContentView.swift */; };
		25B241752B0790B400FE1C7B /* Assets.xcassets in Resources */ = {isa = PBXBuildFile; fileRef = 25B241742B0790B400FE1C7B /* Assets.xcassets */; };
		25B241782B0790B400FE1C7B /* Preview Assets.xcassets in Resources */ = {isa = PBXBuildFile; fileRef = 25B241772B0790B400FE1C7B /* Preview Assets.xcassets */; };
		25B2417F2B0796EF00FE1C7B /* ContentViewViewModel.swift in Sources */ = {isa = PBXBuildFile; fileRef = 25B2417E2B0796EF00FE1C7B /* ContentViewViewModel.swift */; };
		25B322DA2B0CE9B3008298CA /* FilteredResults.swift in Sources */ = {isa = PBXBuildFile; fileRef = 25B322D92B0CE9B3008298CA /* FilteredResults.swift */; };
		25BFE1752B098D3E00C004A8 /* Task+CoreDataClass.swift in Sources */ = {isa = PBXBuildFile; fileRef = 25BFE1732B098D3E00C004A8 /* Task+CoreDataClass.swift */; };
		25BFE1762B098D3E00C004A8 /* Task+CoreDataProperties.swift in Sources */ = {isa = PBXBuildFile; fileRef = 25BFE1742B098D3E00C004A8 /* Task+CoreDataProperties.swift */; };
		25BFE1782B0A0E4200C004A8 /* PersistenceController.swift in Sources */ = {isa = PBXBuildFile; fileRef = 25BFE1772B0A0E4200C004A8 /* PersistenceController.swift */; };
		25C09B372B0D763F0059450C /* DrawerView.swift in Sources */ = {isa = PBXBuildFile; fileRef = 25C09B362B0D763F0059450C /* DrawerView.swift */; };
/* End PBXBuildFile section */

/* Begin PBXFileReference section */
		2516AEAC2B0BD6AF0022E689 /* Extensions.swift */ = {isa = PBXFileReference; lastKnownFileType = sourcecode.swift; path = Extensions.swift; sourceTree = "<group>"; };
		252DA30F2B0CAE0900BBC462 /* PullToRefresh.swift */ = {isa = PBXFileReference; lastKnownFileType = sourcecode.swift; path = PullToRefresh.swift; sourceTree = "<group>"; };
		25446DE02B08E714000C1E11 /* TaskModel.swift */ = {isa = PBXFileReference; lastKnownFileType = sourcecode.swift; path = TaskModel.swift; sourceTree = "<group>"; };
		25693C462B0986CC0090D2C7 /* TaskDataModel.xcdatamodel */ = {isa = PBXFileReference; lastKnownFileType = wrapper.xcdatamodel; path = TaskDataModel.xcdatamodel; sourceTree = "<group>"; };
		25B2416D2B0790B300FE1C7B /* vero-ios-task.app */ = {isa = PBXFileReference; explicitFileType = wrapper.application; includeInIndex = 0; path = "vero-ios-task.app"; sourceTree = BUILT_PRODUCTS_DIR; };
		25B241702B0790B300FE1C7B /* vero_ios_taskApp.swift */ = {isa = PBXFileReference; lastKnownFileType = sourcecode.swift; path = vero_ios_taskApp.swift; sourceTree = "<group>"; };
		25B241722B0790B300FE1C7B /* ContentView.swift */ = {isa = PBXFileReference; lastKnownFileType = sourcecode.swift; path = ContentView.swift; sourceTree = "<group>"; };
		25B241742B0790B400FE1C7B /* Assets.xcassets */ = {isa = PBXFileReference; lastKnownFileType = folder.assetcatalog; path = Assets.xcassets; sourceTree = "<group>"; };
		25B241772B0790B400FE1C7B /* Preview Assets.xcassets */ = {isa = PBXFileReference; lastKnownFileType = folder.assetcatalog; path = "Preview Assets.xcassets"; sourceTree = "<group>"; };
		25B2417E2B0796EF00FE1C7B /* ContentViewViewModel.swift */ = {isa = PBXFileReference; lastKnownFileType = sourcecode.swift; path = ContentViewViewModel.swift; sourceTree = "<group>"; };
		25B322D92B0CE9B3008298CA /* FilteredResults.swift */ = {isa = PBXFileReference; lastKnownFileType = sourcecode.swift; path = FilteredResults.swift; sourceTree = "<group>"; };
		25BFE1732B098D3E00C004A8 /* Task+CoreDataClass.swift */ = {isa = PBXFileReference; lastKnownFileType = sourcecode.swift; path = "Task+CoreDataClass.swift"; sourceTree = "<group>"; };
		25BFE1742B098D3E00C004A8 /* Task+CoreDataProperties.swift */ = {isa = PBXFileReference; lastKnownFileType = sourcecode.swift; path = "Task+CoreDataProperties.swift"; sourceTree = "<group>"; };
		25BFE1772B0A0E4200C004A8 /* PersistenceController.swift */ = {isa = PBXFileReference; lastKnownFileType = sourcecode.swift; path = PersistenceController.swift; sourceTree = "<group>"; };
		25C09B362B0D763F0059450C /* DrawerView.swift */ = {isa = PBXFileReference; lastKnownFileType = sourcecode.swift; path = DrawerView.swift; sourceTree = "<group>"; };
/* End PBXFileReference section */

/* Begin PBXFrameworksBuildPhase section */
		25B2416A2B0790B300FE1C7B /* Frameworks */ = {
			isa = PBXFrameworksBuildPhase;
			buildActionMask = 2147483647;
			files = (
				252DA3132B0CB35E00BBC462 /* RefreshableScrollView in Frameworks */,
			);
			runOnlyForDeploymentPostprocessing = 0;
		};
/* End PBXFrameworksBuildPhase section */

/* Begin PBXGroup section */
		25446DDD2B08E6E8000C1E11 /* Models */ = {
			isa = PBXGroup;
			children = (
				25446DE02B08E714000C1E11 /* TaskModel.swift */,
			);
			path = Models;
			sourceTree = "<group>";
		};
		25446DDE2B08E6F1000C1E11 /* Views */ = {
			isa = PBXGroup;
			children = (
				25B241722B0790B300FE1C7B /* ContentView.swift */,
				252DA30F2B0CAE0900BBC462 /* PullToRefresh.swift */,
				25B322D92B0CE9B3008298CA /* FilteredResults.swift */,
				25C09B362B0D763F0059450C /* DrawerView.swift */,
			);
			path = Views;
			sourceTree = "<group>";
		};
		25446DDF2B08E6F5000C1E11 /* ViewModels */ = {
			isa = PBXGroup;
			children = (
				25B2417E2B0796EF00FE1C7B /* ContentViewViewModel.swift */,
			);
			path = ViewModels;
			sourceTree = "<group>";
		};
		25446DE52B097F69000C1E11 /* CoreData */ = {
			isa = PBXGroup;
			children = (
				25BFE1732B098D3E00C004A8 /* Task+CoreDataClass.swift */,
				25BFE1742B098D3E00C004A8 /* Task+CoreDataProperties.swift */,
				25693C452B0986CC0090D2C7 /* TaskDataModel.xcdatamodeld */,
				25BFE1772B0A0E4200C004A8 /* PersistenceController.swift */,
			);
			path = CoreData;
			sourceTree = "<group>";
		};
		25B241642B0790B300FE1C7B = {
			isa = PBXGroup;
			children = (
				25B2416F2B0790B300FE1C7B /* vero-ios-task */,
				25B2416E2B0790B300FE1C7B /* Products */,
			);
			sourceTree = "<group>";
		};
		25B2416E2B0790B300FE1C7B /* Products */ = {
			isa = PBXGroup;
			children = (
				25B2416D2B0790B300FE1C7B /* vero-ios-task.app */,
			);
			name = Products;
			sourceTree = "<group>";
		};
		25B2416F2B0790B300FE1C7B /* vero-ios-task */ = {
			isa = PBXGroup;
			children = (
				25B241702B0790B300FE1C7B /* vero_ios_taskApp.swift */,
				25446DDF2B08E6F5000C1E11 /* ViewModels */,
				25446DDE2B08E6F1000C1E11 /* Views */,
				25446DDD2B08E6E8000C1E11 /* Models */,
				25446DE52B097F69000C1E11 /* CoreData */,
				25B241742B0790B400FE1C7B /* Assets.xcassets */,
				25B241762B0790B400FE1C7B /* Preview Content */,
				2516AEAC2B0BD6AF0022E689 /* Extensions.swift */,
			);
			path = "vero-ios-task";
			sourceTree = "<group>";
		};
		25B241762B0790B400FE1C7B /* Preview Content */ = {
			isa = PBXGroup;
			children = (
				25B241772B0790B400FE1C7B /* Preview Assets.xcassets */,
			);
			path = "Preview Content";
			sourceTree = "<group>";
		};
/* End PBXGroup section */

/* Begin PBXNativeTarget section */
		25B2416C2B0790B300FE1C7B /* vero-ios-task */ = {
			isa = PBXNativeTarget;
			buildConfigurationList = 25B2417B2B0790B400FE1C7B /* Build configuration list for PBXNativeTarget "vero-ios-task" */;
			buildPhases = (
				25B241692B0790B300FE1C7B /* Sources */,
				25B2416A2B0790B300FE1C7B /* Frameworks */,
				25B2416B2B0790B300FE1C7B /* Resources */,
			);
			buildRules = (
			);
			dependencies = (
			);
			name = "vero-ios-task";
			packageProductDependencies = (
				252DA3122B0CB35E00BBC462 /* RefreshableScrollView */,
			);
			productName = "vero-ios-task";
			productReference = 25B2416D2B0790B300FE1C7B /* vero-ios-task.app */;
			productType = "com.apple.product-type.application";
		};
/* End PBXNativeTarget section */

/* Begin PBXProject section */
		25B241652B0790B300FE1C7B /* Project object */ = {
			isa = PBXProject;
			attributes = {
				BuildIndependentTargetsInParallel = 1;
				LastSwiftUpdateCheck = 1500;
				LastUpgradeCheck = 1500;
				TargetAttributes = {
					25B2416C2B0790B300FE1C7B = {
						CreatedOnToolsVersion = 15.0;
					};
				};
			};
			buildConfigurationList = 25B241682B0790B300FE1C7B /* Build configuration list for PBXProject "vero-ios-task" */;
			compatibilityVersion = "Xcode 14.0";
			developmentRegion = en;
			hasScannedForEncodings = 0;
			knownRegions = (
				en,
				Base,
			);
			mainGroup = 25B241642B0790B300FE1C7B;
			packageReferences = (
				252DA3112B0CB35E00BBC462 /* XCRemoteSwiftPackageReference "RefreshableScrollView" */,
			);
			productRefGroup = 25B2416E2B0790B300FE1C7B /* Products */;
			projectDirPath = "";
			projectRoot = "";
			targets = (
				25B2416C2B0790B300FE1C7B /* vero-ios-task */,
			);
		};
/* End PBXProject section */

/* Begin PBXResourcesBuildPhase section */
		25B2416B2B0790B300FE1C7B /* Resources */ = {
			isa = PBXResourcesBuildPhase;
			buildActionMask = 2147483647;
			files = (
				25B241782B0790B400FE1C7B /* Preview Assets.xcassets in Resources */,
				25B241752B0790B400FE1C7B /* Assets.xcassets in Resources */,
			);
			runOnlyForDeploymentPostprocessing = 0;
		};
/* End PBXResourcesBuildPhase section */

/* Begin PBXSourcesBuildPhase section */
		25B241692B0790B300FE1C7B /* Sources */ = {
			isa = PBXSourcesBuildPhase;
			buildActionMask = 2147483647;
			files = (
				25BFE1782B0A0E4200C004A8 /* PersistenceController.swift in Sources */,
				2516AEAD2B0BD6AF0022E689 /* Extensions.swift in Sources */,
				25693C472B0986CC0090D2C7 /* TaskDataModel.xcdatamodeld in Sources */,
				252DA3102B0CAE0900BBC462 /* PullToRefresh.swift in Sources */,
				25C09B372B0D763F0059450C /* DrawerView.swift in Sources */,
				25446DE12B08E714000C1E11 /* TaskModel.swift in Sources */,
				25BFE1752B098D3E00C004A8 /* Task+CoreDataClass.swift in Sources */,
				25B241732B0790B300FE1C7B /* ContentView.swift in Sources */,
				25B322DA2B0CE9B3008298CA /* FilteredResults.swift in Sources */,
				25B241712B0790B300FE1C7B /* vero_ios_taskApp.swift in Sources */,
				25BFE1762B098D3E00C004A8 /* Task+CoreDataProperties.swift in Sources */,
				25B2417F2B0796EF00FE1C7B /* ContentViewViewModel.swift in Sources */,
			);
			runOnlyForDeploymentPostprocessing = 0;
		};
/* End PBXSourcesBuildPhase section */

/* Begin XCBuildConfiguration section */
		25B241792B0790B400FE1C7B /* Debug */ = {
			isa = XCBuildConfiguration;
			buildSettings = {
				ALWAYS_SEARCH_USER_PATHS = NO;
				ASSETCATALOG_COMPILER_GENERATE_SWIFT_ASSET_SYMBOL_EXTENSIONS = YES;
				CLANG_ANALYZER_NONNULL = YES;
				CLANG_ANALYZER_NUMBER_OBJECT_CONVERSION = YES_AGGRESSIVE;
				CLANG_CXX_LANGUAGE_STANDARD = "gnu++20";
				CLANG_ENABLE_MODULES = YES;
				CLANG_ENABLE_OBJC_ARC = YES;
				CLANG_ENABLE_OBJC_WEAK = YES;
				CLANG_WARN_BLOCK_CAPTURE_AUTORELEASING = YES;
				CLANG_WARN_BOOL_CONVERSION = YES;
				CLANG_WARN_COMMA = YES;
				CLANG_WARN_CONSTANT_CONVERSION = YES;
				CLANG_WARN_DEPRECATED_OBJC_IMPLEMENTATIONS = YES;
				CLANG_WARN_DIRECT_OBJC_ISA_USAGE = YES_ERROR;
				CLANG_WARN_DOCUMENTATION_COMMENTS = YES;
				CLANG_WARN_EMPTY_BODY = YES;
				CLANG_WARN_ENUM_CONVERSION = YES;
				CLANG_WARN_INFINITE_RECURSION = YES;
				CLANG_WARN_INT_CONVERSION = YES;
				CLANG_WARN_NON_LITERAL_NULL_CONVERSION = YES;
				CLANG_WARN_OBJC_IMPLICIT_RETAIN_SELF = YES;
				CLANG_WARN_OBJC_LITERAL_CONVERSION = YES;
				CLANG_WARN_OBJC_ROOT_CLASS = YES_ERROR;
				CLANG_WARN_QUOTED_INCLUDE_IN_FRAMEWORK_HEADER = YES;
				CLANG_WARN_RANGE_LOOP_ANALYSIS = YES;
				CLANG_WARN_STRICT_PROTOTYPES = YES;
				CLANG_WARN_SUSPICIOUS_MOVE = YES;
				CLANG_WARN_UNGUARDED_AVAILABILITY = YES_AGGRESSIVE;
				CLANG_WARN_UNREACHABLE_CODE = YES;
				CLANG_WARN__DUPLICATE_METHOD_MATCH = YES;
				COPY_PHASE_STRIP = NO;
				DEBUG_INFORMATION_FORMAT = dwarf;
				ENABLE_STRICT_OBJC_MSGSEND = YES;
				ENABLE_TESTABILITY = YES;
				ENABLE_USER_SCRIPT_SANDBOXING = YES;
				GCC_C_LANGUAGE_STANDARD = gnu17;
				GCC_DYNAMIC_NO_PIC = NO;
				GCC_NO_COMMON_BLOCKS = YES;
				GCC_OPTIMIZATION_LEVEL = 0;
				GCC_PREPROCESSOR_DEFINITIONS = (
					"DEBUG=1",
					"$(inherited)",
				);
				GCC_WARN_64_TO_32_BIT_CONVERSION = YES;
				GCC_WARN_ABOUT_RETURN_TYPE = YES_ERROR;
				GCC_WARN_UNDECLARED_SELECTOR = YES;
				GCC_WARN_UNINITIALIZED_AUTOS = YES_AGGRESSIVE;
				GCC_WARN_UNUSED_FUNCTION = YES;
				GCC_WARN_UNUSED_VARIABLE = YES;
				IPHONEOS_DEPLOYMENT_TARGET = 17.0;
				LOCALIZATION_PREFERS_STRING_CATALOGS = YES;
				MTL_ENABLE_DEBUG_INFO = INCLUDE_SOURCE;
				MTL_FAST_MATH = YES;
				ONLY_ACTIVE_ARCH = YES;
				SDKROOT = iphoneos;
				SWIFT_ACTIVE_COMPILATION_CONDITIONS = "DEBUG $(inherited)";
				SWIFT_OPTIMIZATION_LEVEL = "-Onone";
			};
			name = Debug;
		};
		25B2417A2B0790B400FE1C7B /* Release */ = {
			isa = XCBuildConfiguration;
			buildSettings = {
				ALWAYS_SEARCH_USER_PATHS = NO;
				ASSETCATALOG_COMPILER_GENERATE_SWIFT_ASSET_SYMBOL_EXTENSIONS = YES;
				CLANG_ANALYZER_NONNULL = YES;
				CLANG_ANALYZER_NUMBER_OBJECT_CONVERSION = YES_AGGRESSIVE;
				CLANG_CXX_LANGUAGE_STANDARD = "gnu++20";
				CLANG_ENABLE_MODULES = YES;
				CLANG_ENABLE_OBJC_ARC = YES;
				CLANG_ENABLE_OBJC_WEAK = YES;
				CLANG_WARN_BLOCK_CAPTURE_AUTORELEASING = YES;
				CLANG_WARN_BOOL_CONVERSION = YES;
				CLANG_WARN_COMMA = YES;
				CLANG_WARN_CONSTANT_CONVERSION = YES;
				CLANG_WARN_DEPRECATED_OBJC_IMPLEMENTATIONS = YES;
				CLANG_WARN_DIRECT_OBJC_ISA_USAGE = YES_ERROR;
				CLANG_WARN_DOCUMENTATION_COMMENTS = YES;
				CLANG_WARN_EMPTY_BODY = YES;
				CLANG_WARN_ENUM_CONVERSION = YES;
				CLANG_WARN_INFINITE_RECURSION = YES;
				CLANG_WARN_INT_CONVERSION = YES;
				CLANG_WARN_NON_LITERAL_NULL_CONVERSION = YES;
				CLANG_WARN_OBJC_IMPLICIT_RETAIN_SELF = YES;
				CLANG_WARN_OBJC_LITERAL_CONVERSION = YES;
				CLANG_WARN_OBJC_ROOT_CLASS = YES_ERROR;
				CLANG_WARN_QUOTED_INCLUDE_IN_FRAMEWORK_HEADER = YES;
				CLANG_WARN_RANGE_LOOP_ANALYSIS = YES;
				CLANG_WARN_STRICT_PROTOTYPES = YES;
				CLANG_WARN_SUSPICIOUS_MOVE = YES;
				CLANG_WARN_UNGUARDED_AVAILABILITY = YES_AGGRESSIVE;
				CLANG_WARN_UNREACHABLE_CODE = YES;
				CLANG_WARN__DUPLICATE_METHOD_MATCH = YES;
				COPY_PHASE_STRIP = NO;
				DEBUG_INFORMATION_FORMAT = "dwarf-with-dsym";
				ENABLE_NS_ASSERTIONS = NO;
				ENABLE_STRICT_OBJC_MSGSEND = YES;
				ENABLE_USER_SCRIPT_SANDBOXING = YES;
				GCC_C_LANGUAGE_STANDARD = gnu17;
				GCC_NO_COMMON_BLOCKS = YES;
				GCC_WARN_64_TO_32_BIT_CONVERSION = YES;
				GCC_WARN_ABOUT_RETURN_TYPE = YES_ERROR;
				GCC_WARN_UNDECLARED_SELECTOR = YES;
				GCC_WARN_UNINITIALIZED_AUTOS = YES_AGGRESSIVE;
				GCC_WARN_UNUSED_FUNCTION = YES;
				GCC_WARN_UNUSED_VARIABLE = YES;
				IPHONEOS_DEPLOYMENT_TARGET = 17.0;
				LOCALIZATION_PREFERS_STRING_CATALOGS = YES;
				MTL_ENABLE_DEBUG_INFO = NO;
				MTL_FAST_MATH = YES;
				SDKROOT = iphoneos;
				SWIFT_COMPILATION_MODE = wholemodule;
				VALIDATE_PRODUCT = YES;
			};
			name = Release;
		};
		25B2417C2B0790B400FE1C7B /* Debug */ = {
			isa = XCBuildConfiguration;
			buildSettings = {
				ASSETCATALOG_COMPILER_APPICON_NAME = AppIcon;
				ASSETCATALOG_COMPILER_GLOBAL_ACCENT_COLOR_NAME = AccentColor;
				CODE_SIGN_STYLE = Automatic;
				CURRENT_PROJECT_VERSION = 1;
				DEVELOPMENT_ASSET_PATHS = "\"vero-ios-task/Preview Content\"";
				DEVELOPMENT_TEAM = K259F5W9P5;
				ENABLE_PREVIEWS = YES;
				GENERATE_INFOPLIST_FILE = YES;
				INFOPLIST_KEY_UIApplicationSceneManifest_Generation = YES;
				INFOPLIST_KEY_UIApplicationSupportsIndirectInputEvents = YES;
				INFOPLIST_KEY_UILaunchScreen_Generation = YES;
				INFOPLIST_KEY_UISupportedInterfaceOrientations_iPad = "UIInterfaceOrientationPortrait UIInterfaceOrientationPortraitUpsideDown UIInterfaceOrientationLandscapeLeft UIInterfaceOrientationLandscapeRight";
				INFOPLIST_KEY_UISupportedInterfaceOrientations_iPhone = "UIInterfaceOrientationPortrait UIInterfaceOrientationLandscapeLeft UIInterfaceOrientationLandscapeRight";
				LD_RUNPATH_SEARCH_PATHS = (
					"$(inherited)",
					"@executable_path/Frameworks",
				);
				MARKETING_VERSION = 1.0;
				PRODUCT_BUNDLE_IDENTIFIER = "com.ozdemir.salih.vero-ios-task";
				PRODUCT_NAME = "$(TARGET_NAME)";
				SWIFT_EMIT_LOC_STRINGS = YES;
				SWIFT_VERSION = 5.0;
				TARGETED_DEVICE_FAMILY = "1,2";
			};
			name = Debug;
		};
		25B2417D2B0790B400FE1C7B /* Release */ = {
			isa = XCBuildConfiguration;
			buildSettings = {
				ASSETCATALOG_COMPILER_APPICON_NAME = AppIcon;
				ASSETCATALOG_COMPILER_GLOBAL_ACCENT_COLOR_NAME = AccentColor;
				CODE_SIGN_STYLE = Automatic;
				CURRENT_PROJECT_VERSION = 1;
				DEVELOPMENT_ASSET_PATHS = "\"vero-ios-task/Preview Content\"";
				DEVELOPMENT_TEAM = K259F5W9P5;
				ENABLE_PREVIEWS = YES;
				GENERATE_INFOPLIST_FILE = YES;
				INFOPLIST_KEY_UIApplicationSceneManifest_Generation = YES;
				INFOPLIST_KEY_UIApplicationSupportsIndirectInputEvents = YES;
				INFOPLIST_KEY_UILaunchScreen_Generation = YES;
				INFOPLIST_KEY_UISupportedInterfaceOrientations_iPad = "UIInterfaceOrientationPortrait UIInterfaceOrientationPortraitUpsideDown UIInterfaceOrientationLandscapeLeft UIInterfaceOrientationLandscapeRight";
				INFOPLIST_KEY_UISupportedInterfaceOrientations_iPhone = "UIInterfaceOrientationPortrait UIInterfaceOrientationLandscapeLeft UIInterfaceOrientationLandscapeRight";
				LD_RUNPATH_SEARCH_PATHS = (
					"$(inherited)",
					"@executable_path/Frameworks",
				);
				MARKETING_VERSION = 1.0;
				PRODUCT_BUNDLE_IDENTIFIER = "com.ozdemir.salih.vero-ios-task";
				PRODUCT_NAME = "$(TARGET_NAME)";
				SWIFT_EMIT_LOC_STRINGS = YES;
				SWIFT_VERSION = 5.0;
				TARGETED_DEVICE_FAMILY = "1,2";
			};
			name = Release;
		};
/* End XCBuildConfiguration section */

/* Begin XCConfigurationList section */
		25B241682B0790B300FE1C7B /* Build configuration list for PBXProject "vero-ios-task" */ = {
			isa = XCConfigurationList;
			buildConfigurations = (
				25B241792B0790B400FE1C7B /* Debug */,
				25B2417A2B0790B400FE1C7B /* Release */,
			);
			defaultConfigurationIsVisible = 0;
			defaultConfigurationName = Release;
		};
		25B2417B2B0790B400FE1C7B /* Build configuration list for PBXNativeTarget "vero-ios-task" */ = {
			isa = XCConfigurationList;
			buildConfigurations = (
				25B2417C2B0790B400FE1C7B /* Debug */,
				25B2417D2B0790B400FE1C7B /* Release */,
			);
			defaultConfigurationIsVisible = 0;
			defaultConfigurationName = Release;
		};
/* End XCConfigurationList section */

/* Begin XCRemoteSwiftPackageReference section */
		252DA3112B0CB35E00BBC462 /* XCRemoteSwiftPackageReference "RefreshableScrollView" */ = {
			isa = XCRemoteSwiftPackageReference;
			repositoryURL = "https://github.com/elegantchaos/RefreshableScrollView.git";
			requirement = {
				branch = main;
				kind = branch;
			};
		};
/* End XCRemoteSwiftPackageReference section */

/* Begin XCSwiftPackageProductDependency section */
		252DA3122B0CB35E00BBC462 /* RefreshableScrollView */ = {
			isa = XCSwiftPackageProductDependency;
			package = 252DA3112B0CB35E00BBC462 /* XCRemoteSwiftPackageReference "RefreshableScrollView" */;
			productName = RefreshableScrollView;
		};
/* End XCSwiftPackageProductDependency section */

/* Begin XCVersionGroup section */
		25693C452B0986CC0090D2C7 /* TaskDataModel.xcdatamodeld */ = {
			isa = XCVersionGroup;
			children = (
				25693C462B0986CC0090D2C7 /* TaskDataModel.xcdatamodel */,
			);
			currentVersion = 25693C462B0986CC0090D2C7 /* TaskDataModel.xcdatamodel */;
			path = TaskDataModel.xcdatamodeld;
			sourceTree = "<group>";
			versionGroupType = wrapper.xcdatamodel;
		};
/* End XCVersionGroup section */
	};
	rootObject = 25B241652B0790B300FE1C7B /* Project object */;
}
